// !$*UTF8*$!
{
	archiveVersion = 1;
	classes = {
	};
	objectVersion = 55;
	objects = {

/* Begin PBXBuildFile section */
		8A4853C328F2896800418D56 /* UIViewController + Extension.swift in Sources */ = {isa = PBXBuildFile; fileRef = 8A4853C228F2896800418D56 /* UIViewController + Extension.swift */; };
		8A4853C528F28C6B00418D56 /* CatDetailViewModel.swift in Sources */ = {isa = PBXBuildFile; fileRef = 8A4853C428F28C6B00418D56 /* CatDetailViewModel.swift */; };
		8A57613B28F1C69D007E4B3A /* AppDelegate.swift in Sources */ = {isa = PBXBuildFile; fileRef = 8A57613A28F1C69D007E4B3A /* AppDelegate.swift */; };
		8A57613D28F1C69D007E4B3A /* SceneDelegate.swift in Sources */ = {isa = PBXBuildFile; fileRef = 8A57613C28F1C69D007E4B3A /* SceneDelegate.swift */; };
		8A57613F28F1C69D007E4B3A /* ViewController.swift in Sources */ = {isa = PBXBuildFile; fileRef = 8A57613E28F1C69D007E4B3A /* ViewController.swift */; };
		8A57614228F1C69D007E4B3A /* Main.storyboard in Resources */ = {isa = PBXBuildFile; fileRef = 8A57614028F1C69D007E4B3A /* Main.storyboard */; };
		8A57614528F1C69D007E4B3A /* MCFinal.xcdatamodeld in Sources */ = {isa = PBXBuildFile; fileRef = 8A57614328F1C69D007E4B3A /* MCFinal.xcdatamodeld */; };
		8A57614728F1C69E007E4B3A /* Assets.xcassets in Resources */ = {isa = PBXBuildFile; fileRef = 8A57614628F1C69E007E4B3A /* Assets.xcassets */; };
		8A57614A28F1C69E007E4B3A /* LaunchScreen.storyboard in Resources */ = {isa = PBXBuildFile; fileRef = 8A57614828F1C69E007E4B3A /* LaunchScreen.storyboard */; };
		8A57615528F1C69E007E4B3A /* MCFinalTests.swift in Sources */ = {isa = PBXBuildFile; fileRef = 8A57615428F1C69E007E4B3A /* MCFinalTests.swift */; };
		8A57615F28F1C69E007E4B3A /* MCFinalUITests.swift in Sources */ = {isa = PBXBuildFile; fileRef = 8A57615E28F1C69E007E4B3A /* MCFinalUITests.swift */; };
		8A57616128F1C69E007E4B3A /* MCFinalUITestsLaunchTests.swift in Sources */ = {isa = PBXBuildFile; fileRef = 8A57616028F1C69E007E4B3A /* MCFinalUITestsLaunchTests.swift */; };
		8A57617128F1C758007E4B3A /* CatBreedTableViewCell.swift in Sources */ = {isa = PBXBuildFile; fileRef = 8A57616F28F1C758007E4B3A /* CatBreedTableViewCell.swift */; };
		8A57617228F1C758007E4B3A /* CatBreedTableViewCell.xib in Resources */ = {isa = PBXBuildFile; fileRef = 8A57617028F1C758007E4B3A /* CatBreedTableViewCell.xib */; };
		8A57617528F1C86A007E4B3A /* CatBreedViewController.swift in Sources */ = {isa = PBXBuildFile; fileRef = 8A57617428F1C86A007E4B3A /* CatBreedViewController.swift */; };
		8A57617928F1C989007E4B3A /* CatBreedsViewModel.swift in Sources */ = {isa = PBXBuildFile; fileRef = 8A57617828F1C989007E4B3A /* CatBreedsViewModel.swift */; };
		8A57617B28F1CC2E007E4B3A /* CatBreedsModel.swift in Sources */ = {isa = PBXBuildFile; fileRef = 8A57617A28F1CC2E007E4B3A /* CatBreedsModel.swift */; };
		8A57617E28F1CC60007E4B3A /* NetworkManager.swift in Sources */ = {isa = PBXBuildFile; fileRef = 8A57617D28F1CC60007E4B3A /* NetworkManager.swift */; };
		8A57618128F1D595007E4B3A /* UIImageView + Extension.swift in Sources */ = {isa = PBXBuildFile; fileRef = 8A57618028F1D594007E4B3A /* UIImageView + Extension.swift */; };
		8A57618328F1D5BD007E4B3A /* ImageDownloadManager.swift in Sources */ = {isa = PBXBuildFile; fileRef = 8A57618228F1D5BD007E4B3A /* ImageDownloadManager.swift */; };
		8A57618528F1D7C7007E4B3A /* CatDetailViewController.swift in Sources */ = {isa = PBXBuildFile; fileRef = 8A57618428F1D7C7007E4B3A /* CatDetailViewController.swift */; };
		8A57618728F1D8B7007E4B3A /* ExampleViewController.swift in Sources */ = {isa = PBXBuildFile; fileRef = 8A57618628F1D8B7007E4B3A /* ExampleViewController.swift */; };
/* End PBXBuildFile section */

/* Begin PBXContainerItemProxy section */
		8A57615128F1C69E007E4B3A /* PBXContainerItemProxy */ = {
			isa = PBXContainerItemProxy;
			containerPortal = 8A57612F28F1C69D007E4B3A /* Project object */;
			proxyType = 1;
			remoteGlobalIDString = 8A57613628F1C69D007E4B3A;
			remoteInfo = MCFinal;
		};
		8A57615B28F1C69E007E4B3A /* PBXContainerItemProxy */ = {
			isa = PBXContainerItemProxy;
			containerPortal = 8A57612F28F1C69D007E4B3A /* Project object */;
			proxyType = 1;
			remoteGlobalIDString = 8A57613628F1C69D007E4B3A;
			remoteInfo = MCFinal;
		};
/* End PBXContainerItemProxy section */

/* Begin PBXFileReference section */
		8A4853C228F2896800418D56 /* UIViewController + Extension.swift */ = {isa = PBXFileReference; lastKnownFileType = sourcecode.swift; path = "UIViewController + Extension.swift"; sourceTree = "<group>"; };
		8A4853C428F28C6B00418D56 /* CatDetailViewModel.swift */ = {isa = PBXFileReference; lastKnownFileType = sourcecode.swift; path = CatDetailViewModel.swift; sourceTree = "<group>"; };
		8A57613728F1C69D007E4B3A /* MCFinal.app */ = {isa = PBXFileReference; explicitFileType = wrapper.application; includeInIndex = 0; path = MCFinal.app; sourceTree = BUILT_PRODUCTS_DIR; };
		8A57613A28F1C69D007E4B3A /* AppDelegate.swift */ = {isa = PBXFileReference; lastKnownFileType = sourcecode.swift; path = AppDelegate.swift; sourceTree = "<group>"; };
		8A57613C28F1C69D007E4B3A /* SceneDelegate.swift */ = {isa = PBXFileReference; lastKnownFileType = sourcecode.swift; path = SceneDelegate.swift; sourceTree = "<group>"; };
		8A57613E28F1C69D007E4B3A /* ViewController.swift */ = {isa = PBXFileReference; lastKnownFileType = sourcecode.swift; path = ViewController.swift; sourceTree = "<group>"; };
		8A57614128F1C69D007E4B3A /* Base */ = {isa = PBXFileReference; lastKnownFileType = file.storyboard; name = Base; path = Base.lproj/Main.storyboard; sourceTree = "<group>"; };
		8A57614428F1C69D007E4B3A /* MCFinal.xcdatamodel */ = {isa = PBXFileReference; lastKnownFileType = wrapper.xcdatamodel; path = MCFinal.xcdatamodel; sourceTree = "<group>"; };
		8A57614628F1C69E007E4B3A /* Assets.xcassets */ = {isa = PBXFileReference; lastKnownFileType = folder.assetcatalog; path = Assets.xcassets; sourceTree = "<group>"; };
		8A57614928F1C69E007E4B3A /* Base */ = {isa = PBXFileReference; lastKnownFileType = file.storyboard; name = Base; path = Base.lproj/LaunchScreen.storyboard; sourceTree = "<group>"; };
		8A57614B28F1C69E007E4B3A /* Info.plist */ = {isa = PBXFileReference; lastKnownFileType = text.plist.xml; path = Info.plist; sourceTree = "<group>"; };
		8A57615028F1C69E007E4B3A /* MCFinalTests.xctest */ = {isa = PBXFileReference; explicitFileType = wrapper.cfbundle; includeInIndex = 0; path = MCFinalTests.xctest; sourceTree = BUILT_PRODUCTS_DIR; };
		8A57615428F1C69E007E4B3A /* MCFinalTests.swift */ = {isa = PBXFileReference; lastKnownFileType = sourcecode.swift; path = MCFinalTests.swift; sourceTree = "<group>"; };
		8A57615A28F1C69E007E4B3A /* MCFinalUITests.xctest */ = {isa = PBXFileReference; explicitFileType = wrapper.cfbundle; includeInIndex = 0; path = MCFinalUITests.xctest; sourceTree = BUILT_PRODUCTS_DIR; };
		8A57615E28F1C69E007E4B3A /* MCFinalUITests.swift */ = {isa = PBXFileReference; lastKnownFileType = sourcecode.swift; path = MCFinalUITests.swift; sourceTree = "<group>"; };
		8A57616028F1C69E007E4B3A /* MCFinalUITestsLaunchTests.swift */ = {isa = PBXFileReference; lastKnownFileType = sourcecode.swift; path = MCFinalUITestsLaunchTests.swift; sourceTree = "<group>"; };
		8A57616F28F1C758007E4B3A /* CatBreedTableViewCell.swift */ = {isa = PBXFileReference; lastKnownFileType = sourcecode.swift; path = CatBreedTableViewCell.swift; sourceTree = "<group>"; };
		8A57617028F1C758007E4B3A /* CatBreedTableViewCell.xib */ = {isa = PBXFileReference; lastKnownFileType = file.xib; path = CatBreedTableViewCell.xib; sourceTree = "<group>"; };
		8A57617428F1C86A007E4B3A /* CatBreedViewController.swift */ = {isa = PBXFileReference; lastKnownFileType = sourcecode.swift; path = CatBreedViewController.swift; sourceTree = "<group>"; };
		8A57617828F1C989007E4B3A /* CatBreedsViewModel.swift */ = {isa = PBXFileReference; lastKnownFileType = sourcecode.swift; path = CatBreedsViewModel.swift; sourceTree = "<group>"; };
		8A57617A28F1CC2E007E4B3A /* CatBreedsModel.swift */ = {isa = PBXFileReference; lastKnownFileType = sourcecode.swift; path = CatBreedsModel.swift; sourceTree = "<group>"; };
		8A57617D28F1CC60007E4B3A /* NetworkManager.swift */ = {isa = PBXFileReference; lastKnownFileType = sourcecode.swift; path = NetworkManager.swift; sourceTree = "<group>"; };
		8A57618028F1D594007E4B3A /* UIImageView + Extension.swift */ = {isa = PBXFileReference; lastKnownFileType = sourcecode.swift; path = "UIImageView + Extension.swift"; sourceTree = "<group>"; };
		8A57618228F1D5BD007E4B3A /* ImageDownloadManager.swift */ = {isa = PBXFileReference; lastKnownFileType = sourcecode.swift; path = ImageDownloadManager.swift; sourceTree = "<group>"; };
		8A57618428F1D7C7007E4B3A /* CatDetailViewController.swift */ = {isa = PBXFileReference; lastKnownFileType = sourcecode.swift; path = CatDetailViewController.swift; sourceTree = "<group>"; };
		8A57618628F1D8B7007E4B3A /* ExampleViewController.swift */ = {isa = PBXFileReference; lastKnownFileType = sourcecode.swift; path = ExampleViewController.swift; sourceTree = "<group>"; };
/* End PBXFileReference section */

/* Begin PBXFrameworksBuildPhase section */
		8A57613428F1C69D007E4B3A /* Frameworks */ = {
			isa = PBXFrameworksBuildPhase;
			buildActionMask = 2147483647;
			files = (
			);
			runOnlyForDeploymentPostprocessing = 0;
		};
		8A57614D28F1C69E007E4B3A /* Frameworks */ = {
			isa = PBXFrameworksBuildPhase;
			buildActionMask = 2147483647;
			files = (
			);
			runOnlyForDeploymentPostprocessing = 0;
		};
		8A57615728F1C69E007E4B3A /* Frameworks */ = {
			isa = PBXFrameworksBuildPhase;
			buildActionMask = 2147483647;
			files = (
			);
			runOnlyForDeploymentPostprocessing = 0;
		};
/* End PBXFrameworksBuildPhase section */

/* Begin PBXGroup section */
		8A57612E28F1C69D007E4B3A = {
			isa = PBXGroup;
			children = (
				8A57613928F1C69D007E4B3A /* MCFinal */,
				8A57615328F1C69E007E4B3A /* MCFinalTests */,
				8A57615D28F1C69E007E4B3A /* MCFinalUITests */,
				8A57613828F1C69D007E4B3A /* Products */,
			);
			sourceTree = "<group>";
		};
		8A57613828F1C69D007E4B3A /* Products */ = {
			isa = PBXGroup;
			children = (
				8A57613728F1C69D007E4B3A /* MCFinal.app */,
				8A57615028F1C69E007E4B3A /* MCFinalTests.xctest */,
				8A57615A28F1C69E007E4B3A /* MCFinalUITests.xctest */,
			);
			name = Products;
			sourceTree = "<group>";
		};
		8A57613928F1C69D007E4B3A /* MCFinal */ = {
			isa = PBXGroup;
			children = (
				8A57617F28F1D584007E4B3A /* Extensions */,
				8A57617C28F1CC49007E4B3A /* Network */,
				8A57617728F1C93D007E4B3A /* Models */,
				8A57617628F1C934007E4B3A /* ViewModels */,
				8A57616D28F1C732007E4B3A /* Views */,
				8A57613A28F1C69D007E4B3A /* AppDelegate.swift */,
				8A57613C28F1C69D007E4B3A /* SceneDelegate.swift */,
				8A57613E28F1C69D007E4B3A /* ViewController.swift */,
				8A57614028F1C69D007E4B3A /* Main.storyboard */,
				8A57614628F1C69E007E4B3A /* Assets.xcassets */,
				8A57614828F1C69E007E4B3A /* LaunchScreen.storyboard */,
				8A57614B28F1C69E007E4B3A /* Info.plist */,
				8A57614328F1C69D007E4B3A /* MCFinal.xcdatamodeld */,
			);
			path = MCFinal;
			sourceTree = "<group>";
		};
		8A57615328F1C69E007E4B3A /* MCFinalTests */ = {
			isa = PBXGroup;
			children = (
				8A57615428F1C69E007E4B3A /* MCFinalTests.swift */,
			);
			path = MCFinalTests;
			sourceTree = "<group>";
		};
		8A57615D28F1C69E007E4B3A /* MCFinalUITests */ = {
			isa = PBXGroup;
			children = (
				8A57615E28F1C69E007E4B3A /* MCFinalUITests.swift */,
				8A57616028F1C69E007E4B3A /* MCFinalUITestsLaunchTests.swift */,
			);
			path = MCFinalUITests;
			sourceTree = "<group>";
		};
		8A57616D28F1C732007E4B3A /* Views */ = {
			isa = PBXGroup;
			children = (
				8A57617328F1C851007E4B3A /* ViewControllers */,
				8A57616E28F1C73A007E4B3A /* Cells */,
			);
			path = Views;
			sourceTree = "<group>";
		};
		8A57616E28F1C73A007E4B3A /* Cells */ = {
			isa = PBXGroup;
			children = (
				8A57616F28F1C758007E4B3A /* CatBreedTableViewCell.swift */,
				8A57617028F1C758007E4B3A /* CatBreedTableViewCell.xib */,
			);
			path = Cells;
			sourceTree = "<group>";
		};
		8A57617328F1C851007E4B3A /* ViewControllers */ = {
			isa = PBXGroup;
			children = (
				8A57617428F1C86A007E4B3A /* CatBreedViewController.swift */,
				8A57618428F1D7C7007E4B3A /* CatDetailViewController.swift */,
				8A57618628F1D8B7007E4B3A /* ExampleViewController.swift */,
			);
			path = ViewControllers;
			sourceTree = "<group>";
		};
		8A57617628F1C934007E4B3A /* ViewModels */ = {
			isa = PBXGroup;
			children = (
				8A57617828F1C989007E4B3A /* CatBreedsViewModel.swift */,
				8A4853C428F28C6B00418D56 /* CatDetailViewModel.swift */,
			);
			path = ViewModels;
			sourceTree = "<group>";
		};
		8A57617728F1C93D007E4B3A /* Models */ = {
			isa = PBXGroup;
			children = (
				8A57617A28F1CC2E007E4B3A /* CatBreedsModel.swift */,
			);
			path = Models;
			sourceTree = "<group>";
		};
		8A57617C28F1CC49007E4B3A /* Network */ = {
			isa = PBXGroup;
			children = (
				8A57617D28F1CC60007E4B3A /* NetworkManager.swift */,
				8A57618228F1D5BD007E4B3A /* ImageDownloadManager.swift */,
			);
			path = Network;
			sourceTree = "<group>";
		};
		8A57617F28F1D584007E4B3A /* Extensions */ = {
			isa = PBXGroup;
			children = (
				8A57618028F1D594007E4B3A /* UIImageView + Extension.swift */,
				8A4853C228F2896800418D56 /* UIViewController + Extension.swift */,
			);
			path = Extensions;
			sourceTree = "<group>";
		};
/* End PBXGroup section */

/* Begin PBXNativeTarget section */
		8A57613628F1C69D007E4B3A /* MCFinal */ = {
			isa = PBXNativeTarget;
			buildConfigurationList = 8A57616428F1C69E007E4B3A /* Build configuration list for PBXNativeTarget "MCFinal" */;
			buildPhases = (
				8A57613328F1C69D007E4B3A /* Sources */,
				8A57613428F1C69D007E4B3A /* Frameworks */,
				8A57613528F1C69D007E4B3A /* Resources */,
			);
			buildRules = (
			);
			dependencies = (
			);
			name = MCFinal;
			productName = MCFinal;
			productReference = 8A57613728F1C69D007E4B3A /* MCFinal.app */;
			productType = "com.apple.product-type.application";
		};
		8A57614F28F1C69E007E4B3A /* MCFinalTests */ = {
			isa = PBXNativeTarget;
			buildConfigurationList = 8A57616728F1C69E007E4B3A /* Build configuration list for PBXNativeTarget "MCFinalTests" */;
			buildPhases = (
				8A57614C28F1C69E007E4B3A /* Sources */,
				8A57614D28F1C69E007E4B3A /* Frameworks */,
				8A57614E28F1C69E007E4B3A /* Resources */,
			);
			buildRules = (
			);
			dependencies = (
				8A57615228F1C69E007E4B3A /* PBXTargetDependency */,
			);
			name = MCFinalTests;
			productName = MCFinalTests;
			productReference = 8A57615028F1C69E007E4B3A /* MCFinalTests.xctest */;
			productType = "com.apple.product-type.bundle.unit-test";
		};
		8A57615928F1C69E007E4B3A /* MCFinalUITests */ = {
			isa = PBXNativeTarget;
			buildConfigurationList = 8A57616A28F1C69E007E4B3A /* Build configuration list for PBXNativeTarget "MCFinalUITests" */;
			buildPhases = (
				8A57615628F1C69E007E4B3A /* Sources */,
				8A57615728F1C69E007E4B3A /* Frameworks */,
				8A57615828F1C69E007E4B3A /* Resources */,
			);
			buildRules = (
			);
			dependencies = (
				8A57615C28F1C69E007E4B3A /* PBXTargetDependency */,
			);
			name = MCFinalUITests;
			productName = MCFinalUITests;
			productReference = 8A57615A28F1C69E007E4B3A /* MCFinalUITests.xctest */;
			productType = "com.apple.product-type.bundle.ui-testing";
		};
/* End PBXNativeTarget section */

/* Begin PBXProject section */
		8A57612F28F1C69D007E4B3A /* Project object */ = {
			isa = PBXProject;
			attributes = {
				BuildIndependentTargetsInParallel = 1;
				LastSwiftUpdateCheck = 1340;
				LastUpgradeCheck = 1340;
				TargetAttributes = {
					8A57613628F1C69D007E4B3A = {
						CreatedOnToolsVersion = 13.4.1;
					};
					8A57614F28F1C69E007E4B3A = {
						CreatedOnToolsVersion = 13.4.1;
						TestTargetID = 8A57613628F1C69D007E4B3A;
					};
					8A57615928F1C69E007E4B3A = {
						CreatedOnToolsVersion = 13.4.1;
						TestTargetID = 8A57613628F1C69D007E4B3A;
					};
				};
			};
			buildConfigurationList = 8A57613228F1C69D007E4B3A /* Build configuration list for PBXProject "MCFinal" */;
			compatibilityVersion = "Xcode 13.0";
			developmentRegion = en;
			hasScannedForEncodings = 0;
			knownRegions = (
				en,
				Base,
			);
			mainGroup = 8A57612E28F1C69D007E4B3A;
			productRefGroup = 8A57613828F1C69D007E4B3A /* Products */;
			projectDirPath = "";
			projectRoot = "";
			targets = (
				8A57613628F1C69D007E4B3A /* MCFinal */,
				8A57614F28F1C69E007E4B3A /* MCFinalTests */,
				8A57615928F1C69E007E4B3A /* MCFinalUITests */,
			);
		};
/* End PBXProject section */

/* Begin PBXResourcesBuildPhase section */
		8A57613528F1C69D007E4B3A /* Resources */ = {
			isa = PBXResourcesBuildPhase;
			buildActionMask = 2147483647;
			files = (
				8A57614A28F1C69E007E4B3A /* LaunchScreen.storyboard in Resources */,
				8A57614728F1C69E007E4B3A /* Assets.xcassets in Resources */,
				8A57614228F1C69D007E4B3A /* Main.storyboard in Resources */,
				8A57617228F1C758007E4B3A /* CatBreedTableViewCell.xib in Resources */,
			);
			runOnlyForDeploymentPostprocessing = 0;
		};
		8A57614E28F1C69E007E4B3A /* Resources */ = {
			isa = PBXResourcesBuildPhase;
			buildActionMask = 2147483647;
			files = (
			);
			runOnlyForDeploymentPostprocessing = 0;
		};
		8A57615828F1C69E007E4B3A /* Resources */ = {
			isa = PBXResourcesBuildPhase;
			buildActionMask = 2147483647;
			files = (
			);
			runOnlyForDeploymentPostprocessing = 0;
		};
/* End PBXResourcesBuildPhase section */

/* Begin PBXSourcesBuildPhase section */
		8A57613328F1C69D007E4B3A /* Sources */ = {
			isa = PBXSourcesBuildPhase;
			buildActionMask = 2147483647;
			files = (
				8A57617E28F1CC60007E4B3A /* NetworkManager.swift in Sources */,
				8A57617528F1C86A007E4B3A /* CatBreedViewController.swift in Sources */,
				8A57618728F1D8B7007E4B3A /* ExampleViewController.swift in Sources */,
				8A57618528F1D7C7007E4B3A /* CatDetailViewController.swift in Sources */,
				8A57618328F1D5BD007E4B3A /* ImageDownloadManager.swift in Sources */,
				8A57613F28F1C69D007E4B3A /* ViewController.swift in Sources */,
				8A57613B28F1C69D007E4B3A /* AppDelegate.swift in Sources */,
				8A57618128F1D595007E4B3A /* UIImageView + Extension.swift in Sources */,
				8A57614528F1C69D007E4B3A /* MCFinal.xcdatamodeld in Sources */,
				8A4853C528F28C6B00418D56 /* CatDetailViewModel.swift in Sources */,
				8A57613D28F1C69D007E4B3A /* SceneDelegate.swift in Sources */,
				8A4853C328F2896800418D56 /* UIViewController + Extension.swift in Sources */,
				8A57617B28F1CC2E007E4B3A /* CatBreedsModel.swift in Sources */,
				8A57617928F1C989007E4B3A /* CatBreedsViewModel.swift in Sources */,
				8A57617128F1C758007E4B3A /* CatBreedTableViewCell.swift in Sources */,
			);
			runOnlyForDeploymentPostprocessing = 0;
		};
		8A57614C28F1C69E007E4B3A /* Sources */ = {
			isa = PBXSourcesBuildPhase;
			buildActionMask = 2147483647;
			files = (
				8A57615528F1C69E007E4B3A /* MCFinalTests.swift in Sources */,
			);
			runOnlyForDeploymentPostprocessing = 0;
		};
		8A57615628F1C69E007E4B3A /* Sources */ = {
			isa = PBXSourcesBuildPhase;
			buildActionMask = 2147483647;
			files = (
				8A57615F28F1C69E007E4B3A /* MCFinalUITests.swift in Sources */,
				8A57616128F1C69E007E4B3A /* MCFinalUITestsLaunchTests.swift in Sources */,
			);
			runOnlyForDeploymentPostprocessing = 0;
		};
/* End PBXSourcesBuildPhase section */

/* Begin PBXTargetDependency section */
		8A57615228F1C69E007E4B3A /* PBXTargetDependency */ = {
			isa = PBXTargetDependency;
			target = 8A57613628F1C69D007E4B3A /* MCFinal */;
			targetProxy = 8A57615128F1C69E007E4B3A /* PBXContainerItemProxy */;
		};
		8A57615C28F1C69E007E4B3A /* PBXTargetDependency */ = {
			isa = PBXTargetDependency;
			target = 8A57613628F1C69D007E4B3A /* MCFinal */;
			targetProxy = 8A57615B28F1C69E007E4B3A /* PBXContainerItemProxy */;
		};
/* End PBXTargetDependency section */

/* Begin PBXVariantGroup section */
		8A57614028F1C69D007E4B3A /* Main.storyboard */ = {
			isa = PBXVariantGroup;
			children = (
				8A57614128F1C69D007E4B3A /* Base */,
			);
			name = Main.storyboard;
			sourceTree = "<group>";
		};
		8A57614828F1C69E007E4B3A /* LaunchScreen.storyboard */ = {
			isa = PBXVariantGroup;
			children = (
				8A57614928F1C69E007E4B3A /* Base */,
			);
			name = LaunchScreen.storyboard;
			sourceTree = "<group>";
		};
/* End PBXVariantGroup section */

/* Begin XCBuildConfiguration section */
		8A57616228F1C69E007E4B3A /* Debug */ = {
			isa = XCBuildConfiguration;
			buildSettings = {
				ALWAYS_SEARCH_USER_PATHS = NO;
				CLANG_ANALYZER_NONNULL = YES;
				CLANG_ANALYZER_NUMBER_OBJECT_CONVERSION = YES_AGGRESSIVE;
				CLANG_CXX_LANGUAGE_STANDARD = "gnu++17";
				CLANG_ENABLE_MODULES = YES;
				CLANG_ENABLE_OBJC_ARC = YES;
				CLANG_ENABLE_OBJC_WEAK = YES;
				CLANG_WARN_BLOCK_CAPTURE_AUTORELEASING = YES;
				CLANG_WARN_BOOL_CONVERSION = YES;
				CLANG_WARN_COMMA = YES;
				CLANG_WARN_CONSTANT_CONVERSION = YES;
				CLANG_WARN_DEPRECATED_OBJC_IMPLEMENTATIONS = YES;
				CLANG_WARN_DIRECT_OBJC_ISA_USAGE = YES_ERROR;
				CLANG_WARN_DOCUMENTATION_COMMENTS = YES;
				CLANG_WARN_EMPTY_BODY = YES;
				CLANG_WARN_ENUM_CONVERSION = YES;
				CLANG_WARN_INFINITE_RECURSION = YES;
				CLANG_WARN_INT_CONVERSION = YES;
				CLANG_WARN_NON_LITERAL_NULL_CONVERSION = YES;
				CLANG_WARN_OBJC_IMPLICIT_RETAIN_SELF = YES;
				CLANG_WARN_OBJC_LITERAL_CONVERSION = YES;
				CLANG_WARN_OBJC_ROOT_CLASS = YES_ERROR;
				CLANG_WARN_QUOTED_INCLUDE_IN_FRAMEWORK_HEADER = YES;
				CLANG_WARN_RANGE_LOOP_ANALYSIS = YES;
				CLANG_WARN_STRICT_PROTOTYPES = YES;
				CLANG_WARN_SUSPICIOUS_MOVE = YES;
				CLANG_WARN_UNGUARDED_AVAILABILITY = YES_AGGRESSIVE;
				CLANG_WARN_UNREACHABLE_CODE = YES;
				CLANG_WARN__DUPLICATE_METHOD_MATCH = YES;
				COPY_PHASE_STRIP = NO;
				DEBUG_INFORMATION_FORMAT = dwarf;
				ENABLE_STRICT_OBJC_MSGSEND = YES;
				ENABLE_TESTABILITY = YES;
				GCC_C_LANGUAGE_STANDARD = gnu11;
				GCC_DYNAMIC_NO_PIC = NO;
				GCC_NO_COMMON_BLOCKS = YES;
				GCC_OPTIMIZATION_LEVEL = 0;
				GCC_PREPROCESSOR_DEFINITIONS = (
					"DEBUG=1",
					"$(inherited)",
				);
				GCC_WARN_64_TO_32_BIT_CONVERSION = YES;
				GCC_WARN_ABOUT_RETURN_TYPE = YES_ERROR;
				GCC_WARN_UNDECLARED_SELECTOR = YES;
				GCC_WARN_UNINITIALIZED_AUTOS = YES_AGGRESSIVE;
				GCC_WARN_UNUSED_FUNCTION = YES;
				GCC_WARN_UNUSED_VARIABLE = YES;
				IPHONEOS_DEPLOYMENT_TARGET = 15.5;
				MTL_ENABLE_DEBUG_INFO = INCLUDE_SOURCE;
				MTL_FAST_MATH = YES;
				ONLY_ACTIVE_ARCH = YES;
				SDKROOT = iphoneos;
				SWIFT_ACTIVE_COMPILATION_CONDITIONS = DEBUG;
				SWIFT_OPTIMIZATION_LEVEL = "-Onone";
			};
			name = Debug;
		};
		8A57616328F1C69E007E4B3A /* Release */ = {
			isa = XCBuildConfiguration;
			buildSettings = {
				ALWAYS_SEARCH_USER_PATHS = NO;
				CLANG_ANALYZER_NONNULL = YES;
				CLANG_ANALYZER_NUMBER_OBJECT_CONVERSION = YES_AGGRESSIVE;
				CLANG_CXX_LANGUAGE_STANDARD = "gnu++17";
				CLANG_ENABLE_MODULES = YES;
				CLANG_ENABLE_OBJC_ARC = YES;
				CLANG_ENABLE_OBJC_WEAK = YES;
				CLANG_WARN_BLOCK_CAPTURE_AUTORELEASING = YES;
				CLANG_WARN_BOOL_CONVERSION = YES;
				CLANG_WARN_COMMA = YES;
				CLANG_WARN_CONSTANT_CONVERSION = YES;
				CLANG_WARN_DEPRECATED_OBJC_IMPLEMENTATIONS = YES;
				CLANG_WARN_DIRECT_OBJC_ISA_USAGE = YES_ERROR;
				CLANG_WARN_DOCUMENTATION_COMMENTS = YES;
				CLANG_WARN_EMPTY_BODY = YES;
				CLANG_WARN_ENUM_CONVERSION = YES;
				CLANG_WARN_INFINITE_RECURSION = YES;
				CLANG_WARN_INT_CONVERSION = YES;
				CLANG_WARN_NON_LITERAL_NULL_CONVERSION = YES;
				CLANG_WARN_OBJC_IMPLICIT_RETAIN_SELF = YES;
				CLANG_WARN_OBJC_LITERAL_CONVERSION = YES;
				CLANG_WARN_OBJC_ROOT_CLASS = YES_ERROR;
				CLANG_WARN_QUOTED_INCLUDE_IN_FRAMEWORK_HEADER = YES;
				CLANG_WARN_RANGE_LOOP_ANALYSIS = YES;
				CLANG_WARN_STRICT_PROTOTYPES = YES;
				CLANG_WARN_SUSPICIOUS_MOVE = YES;
				CLANG_WARN_UNGUARDED_AVAILABILITY = YES_AGGRESSIVE;
				CLANG_WARN_UNREACHABLE_CODE = YES;
				CLANG_WARN__DUPLICATE_METHOD_MATCH = YES;
				COPY_PHASE_STRIP = NO;
				DEBUG_INFORMATION_FORMAT = "dwarf-with-dsym";
				ENABLE_NS_ASSERTIONS = NO;
				ENABLE_STRICT_OBJC_MSGSEND = YES;
				GCC_C_LANGUAGE_STANDARD = gnu11;
				GCC_NO_COMMON_BLOCKS = YES;
				GCC_WARN_64_TO_32_BIT_CONVERSION = YES;
				GCC_WARN_ABOUT_RETURN_TYPE = YES_ERROR;
				GCC_WARN_UNDECLARED_SELECTOR = YES;
				GCC_WARN_UNINITIALIZED_AUTOS = YES_AGGRESSIVE;
				GCC_WARN_UNUSED_FUNCTION = YES;
				GCC_WARN_UNUSED_VARIABLE = YES;
				IPHONEOS_DEPLOYMENT_TARGET = 15.5;
				MTL_ENABLE_DEBUG_INFO = NO;
				MTL_FAST_MATH = YES;
				SDKROOT = iphoneos;
				SWIFT_COMPILATION_MODE = wholemodule;
				SWIFT_OPTIMIZATION_LEVEL = "-O";
				VALIDATE_PRODUCT = YES;
			};
			name = Release;
		};
		8A57616528F1C69E007E4B3A /* Debug */ = {
			isa = XCBuildConfiguration;
			buildSettings = {
				ASSETCATALOG_COMPILER_APPICON_NAME = AppIcon;
				ASSETCATALOG_COMPILER_GLOBAL_ACCENT_COLOR_NAME = AccentColor;
				CODE_SIGN_STYLE = Automatic;
				CURRENT_PROJECT_VERSION = 1;
				DEVELOPMENT_TEAM = 6MXZ3WQPV6;
				GENERATE_INFOPLIST_FILE = YES;
				INFOPLIST_FILE = MCFinal/Info.plist;
				INFOPLIST_KEY_UIApplicationSupportsIndirectInputEvents = YES;
				INFOPLIST_KEY_UILaunchStoryboardName = LaunchScreen;
				INFOPLIST_KEY_UIMainStoryboardFile = Main;
				INFOPLIST_KEY_UISupportedInterfaceOrientations_iPad = "UIInterfaceOrientationPortrait UIInterfaceOrientationPortraitUpsideDown UIInterfaceOrientationLandscapeLeft UIInterfaceOrientationLandscapeRight";
				INFOPLIST_KEY_UISupportedInterfaceOrientations_iPhone = "UIInterfaceOrientationPortrait UIInterfaceOrientationLandscapeLeft UIInterfaceOrientationLandscapeRight";
				LD_RUNPATH_SEARCH_PATHS = (
					"$(inherited)",
					"@executable_path/Frameworks",
				);
				MARKETING_VERSION = 1.0;
				PRODUCT_BUNDLE_IDENTIFIER = "com.mounika-madishetti.MCFinal";
				PRODUCT_NAME = "$(TARGET_NAME)";
				SWIFT_EMIT_LOC_STRINGS = YES;
				SWIFT_VERSION = 5.0;
				TARGETED_DEVICE_FAMILY = "1,2";
			};
			name = Debug;
		};
		8A57616628F1C69E007E4B3A /* Release */ = {
			isa = XCBuildConfiguration;
			buildSettings = {
				ASSETCATALOG_COMPILER_APPICON_NAME = AppIcon;
				ASSETCATALOG_COMPILER_GLOBAL_ACCENT_COLOR_NAME = AccentColor;
				CODE_SIGN_STYLE = Automatic;
				CURRENT_PROJECT_VERSION = 1;
				DEVELOPMENT_TEAM = 6MXZ3WQPV6;
				GENERATE_INFOPLIST_FILE = YES;
				INFOPLIST_FILE = MCFinal/Info.plist;
				INFOPLIST_KEY_UIApplicationSupportsIndirectInputEvents = YES;
				INFOPLIST_KEY_UILaunchStoryboardName = LaunchScreen;
				INFOPLIST_KEY_UIMainStoryboardFile = Main;
				INFOPLIST_KEY_UISupportedInterfaceOrientations_iPad = "UIInterfaceOrientationPortrait UIInterfaceOrientationPortraitUpsideDown UIInterfaceOrientationLandscapeLeft UIInterfaceOrientationLandscapeRight";
				INFOPLIST_KEY_UISupportedInterfaceOrientations_iPhone = "UIInterfaceOrientationPortrait UIInterfaceOrientationLandscapeLeft UIInterfaceOrientationLandscapeRight";
				LD_RUNPATH_SEARCH_PATHS = (
					"$(inherited)",
					"@executable_path/Frameworks",
				);
				MARKETING_VERSION = 1.0;
				PRODUCT_BUNDLE_IDENTIFIER = "com.mounika-madishetti.MCFinal";
				PRODUCT_NAME = "$(TARGET_NAME)";
				SWIFT_EMIT_LOC_STRINGS = YES;
				SWIFT_VERSION = 5.0;
				TARGETED_DEVICE_FAMILY = "1,2";
			};
			name = Release;
		};
		8A57616828F1C69E007E4B3A /* Debug */ = {
			isa = XCBuildConfiguration;
			buildSettings = {
				ALWAYS_EMBED_SWIFT_STANDARD_LIBRARIES = YES;
				BUNDLE_LOADER = "$(TEST_HOST)";
				CODE_SIGN_STYLE = Automatic;
				CURRENT_PROJECT_VERSION = 1;
				DEVELOPMENT_TEAM = 6MXZ3WQPV6;
				GENERATE_INFOPLIST_FILE = YES;
				IPHONEOS_DEPLOYMENT_TARGET = 15.5;
				MARKETING_VERSION = 1.0;
				PRODUCT_BUNDLE_IDENTIFIER = "com.mounika-madishetti.MCFinalTests";
				PRODUCT_NAME = "$(TARGET_NAME)";
				SWIFT_EMIT_LOC_STRINGS = NO;
				SWIFT_VERSION = 5.0;
				TARGETED_DEVICE_FAMILY = "1,2";
				TEST_HOST = "$(BUILT_PRODUCTS_DIR)/MCFinal.app/MCFinal";
			};
			name = Debug;
		};
		8A57616928F1C69E007E4B3A /* Release */ = {
			isa = XCBuildConfiguration;
			buildSettings = {
				ALWAYS_EMBED_SWIFT_STANDARD_LIBRARIES = YES;
				BUNDLE_LOADER = "$(TEST_HOST)";
				CODE_SIGN_STYLE = Automatic;
				CURRENT_PROJECT_VERSION = 1;
				DEVELOPMENT_TEAM = 6MXZ3WQPV6;
				GENERATE_INFOPLIST_FILE = YES;
				IPHONEOS_DEPLOYMENT_TARGET = 15.5;
				MARKETING_VERSION = 1.0;
				PRODUCT_BUNDLE_IDENTIFIER = "com.mounika-madishetti.MCFinalTests";
				PRODUCT_NAME = "$(TARGET_NAME)";
				SWIFT_EMIT_LOC_STRINGS = NO;
				SWIFT_VERSION = 5.0;
				TARGETED_DEVICE_FAMILY = "1,2";
				TEST_HOST = "$(BUILT_PRODUCTS_DIR)/MCFinal.app/MCFinal";
			};
			name = Release;
		};
		8A57616B28F1C69E007E4B3A /* Debug */ = {
			isa = XCBuildConfiguration;
			buildSettings = {
				ALWAYS_EMBED_SWIFT_STANDARD_LIBRARIES = YES;
				CODE_SIGN_STYLE = Automatic;
				CURRENT_PROJECT_VERSION = 1;
				DEVELOPMENT_TEAM = 6MXZ3WQPV6;
				GENERATE_INFOPLIST_FILE = YES;
				MARKETING_VERSION = 1.0;
				PRODUCT_BUNDLE_IDENTIFIER = "com.mounika-madishetti.MCFinalUITests";
				PRODUCT_NAME = "$(TARGET_NAME)";
				SWIFT_EMIT_LOC_STRINGS = NO;
				SWIFT_VERSION = 5.0;
				TARGETED_DEVICE_FAMILY = "1,2";
				TEST_TARGET_NAME = MCFinal;
			};
			name = Debug;
		};
		8A57616C28F1C69E007E4B3A /* Release */ = {
			isa = XCBuildConfiguration;
			buildSettings = {
				ALWAYS_EMBED_SWIFT_STANDARD_LIBRARIES = YES;
				CODE_SIGN_STYLE = Automatic;
				CURRENT_PROJECT_VERSION = 1;
				DEVELOPMENT_TEAM = 6MXZ3WQPV6;
				GENERATE_INFOPLIST_FILE = YES;
				MARKETING_VERSION = 1.0;
				PRODUCT_BUNDLE_IDENTIFIER = "com.mounika-madishetti.MCFinalUITests";
				PRODUCT_NAME = "$(TARGET_NAME)";
				SWIFT_EMIT_LOC_STRINGS = NO;
				SWIFT_VERSION = 5.0;
				TARGETED_DEVICE_FAMILY = "1,2";
				TEST_TARGET_NAME = MCFinal;
			};
			name = Release;
		};
/* End XCBuildConfiguration section */

/* Begin XCConfigurationList section */
		8A57613228F1C69D007E4B3A /* Build configuration list for PBXProject "MCFinal" */ = {
			isa = XCConfigurationList;
			buildConfigurations = (
				8A57616228F1C69E007E4B3A /* Debug */,
				8A57616328F1C69E007E4B3A /* Release */,
			);
			defaultConfigurationIsVisible = 0;
			defaultConfigurationName = Release;
		};
		8A57616428F1C69E007E4B3A /* Build configuration list for PBXNativeTarget "MCFinal" */ = {
			isa = XCConfigurationList;
			buildConfigurations = (
				8A57616528F1C69E007E4B3A /* Debug */,
				8A57616628F1C69E007E4B3A /* Release */,
			);
			defaultConfigurationIsVisible = 0;
			defaultConfigurationName = Release;
		};
		8A57616728F1C69E007E4B3A /* Build configuration list for PBXNativeTarget "MCFinalTests" */ = {
			isa = XCConfigurationList;
			buildConfigurations = (
				8A57616828F1C69E007E4B3A /* Debug */,
				8A57616928F1C69E007E4B3A /* Release */,
			);
			defaultConfigurationIsVisible = 0;
			defaultConfigurationName = Release;
		};
		8A57616A28F1C69E007E4B3A /* Build configuration list for PBXNativeTarget "MCFinalUITests" */ = {
			isa = XCConfigurationList;
			buildConfigurations = (
				8A57616B28F1C69E007E4B3A /* Debug */,
				8A57616C28F1C69E007E4B3A /* Release */,
			);
			defaultConfigurationIsVisible = 0;
			defaultConfigurationName = Release;
		};
/* End XCConfigurationList section */

/* Begin XCVersionGroup section */
		8A57614328F1C69D007E4B3A /* MCFinal.xcdatamodeld */ = {
			isa = XCVersionGroup;
			children = (
				8A57614428F1C69D007E4B3A /* MCFinal.xcdatamodel */,
			);
			currentVersion = 8A57614428F1C69D007E4B3A /* MCFinal.xcdatamodel */;
			path = MCFinal.xcdatamodeld;
			sourceTree = "<group>";
			versionGroupType = wrapper.xcdatamodel;
		};
/* End XCVersionGroup section */
	};
	rootObject = 8A57612F28F1C69D007E4B3A /* Project object */;
}
